// !$*UTF8*$!
{
	archiveVersion = 1;
	classes = {
	};
	objectVersion = 56;
	objects = {

/* Begin PBXBuildFile section */
		087E8B3B2A0177E400229A5D /* 1st.c in Sources */ = {isa = PBXBuildFile; fileRef = 087E8B3A2A0177E400229A5D /* 1st.c */; };
/* End PBXBuildFile section */

/* Begin PBXCopyFilesBuildPhase section */
		087E8B352A0177E400229A5D /* CopyFiles */ = {
			isa = PBXCopyFilesBuildPhase;
			buildActionMask = 2147483647;
			dstPath = /usr/share/man/man1/;
			dstSubfolderSpec = 0;
			files = (
			);
			runOnlyForDeploymentPostprocessing = 1;
		};
		08AB6BAE2A0786A9003700B0 /* CopyFiles */ = {
			isa = PBXCopyFilesBuildPhase;
			buildActionMask = 2147483647;
			dstPath = /usr/share/man/man1/;
			dstSubfolderSpec = 0;
			files = (
			);
			runOnlyForDeploymentPostprocessing = 1;
		};
		08AB6BB92A0786DA003700B0 /* CopyFiles */ = {
			isa = PBXCopyFilesBuildPhase;
			buildActionMask = 2147483647;
			dstPath = /usr/share/man/man1/;
			dstSubfolderSpec = 0;
			files = (
			);
			runOnlyForDeploymentPostprocessing = 1;
		};
/* End PBXCopyFilesBuildPhase section */

/* Begin PBXFileReference section */
		087E8B372A0177E400229A5D /* meeting */ = {isa = PBXFileReference; explicitFileType = "compiled.mach-o.executable"; includeInIndex = 0; path = meeting; sourceTree = BUILT_PRODUCTS_DIR; };
		087E8B3A2A0177E400229A5D /* 1st.c */ = {isa = PBXFileReference; lastKnownFileType = sourcecode.c.c; path = 1st.c; sourceTree = "<group>"; };
		08AB6BB02A0786A9003700B0 /* Q1 */ = {isa = PBXFileReference; explicitFileType = "compiled.mach-o.executable"; includeInIndex = 0; path = Q1; sourceTree = BUILT_PRODUCTS_DIR; };
		08AB6BBB2A0786DA003700B0 /* Question */ = {isa = PBXFileReference; explicitFileType = "compiled.mach-o.executable"; includeInIndex = 0; path = Question; sourceTree = BUILT_PRODUCTS_DIR; };
/* End PBXFileReference section */

/* Begin PBXFrameworksBuildPhase section */
		087E8B342A0177E400229A5D /* Frameworks */ = {
			isa = PBXFrameworksBuildPhase;
			buildActionMask = 2147483647;
			files = (
			);
			runOnlyForDeploymentPostprocessing = 0;
		};
		08AB6BAD2A0786A9003700B0 /* Frameworks */ = {
			isa = PBXFrameworksBuildPhase;
			buildActionMask = 2147483647;
			files = (
			);
			runOnlyForDeploymentPostprocessing = 0;
		};
		08AB6BB82A0786DA003700B0 /* Frameworks */ = {
			isa = PBXFrameworksBuildPhase;
			buildActionMask = 2147483647;
			files = (
			);
			runOnlyForDeploymentPostprocessing = 0;
		};
/* End PBXFrameworksBuildPhase section */

/* Begin PBXGroup section */
		087E8B2E2A0177E400229A5D = {
			isa = PBXGroup;
			children = (
				087E8B392A0177E400229A5D /* meeting */,
				087E8B382A0177E400229A5D /* Products */,
			);
			sourceTree = "<group>";
		};
		087E8B382A0177E400229A5D /* Products */ = {
			isa = PBXGroup;
			children = (
				087E8B372A0177E400229A5D /* meeting */,
				08AB6BB02A0786A9003700B0 /* Q1 */,
				08AB6BBB2A0786DA003700B0 /* Question */,
			);
			name = Products;
			sourceTree = "<group>";
		};
		087E8B392A0177E400229A5D /* meeting */ = {
			isa = PBXGroup;
			children = (
				087E8B3A2A0177E400229A5D /* 1st.c */,
			);
			path = meeting;
			sourceTree = "<group>";
		};
/* End PBXGroup section */

/* Begin PBXNativeTarget section */
		087E8B362A0177E400229A5D /* meeting */ = {
			isa = PBXNativeTarget;
			buildConfigurationList = 087E8B3E2A0177E400229A5D /* Build configuration list for PBXNativeTarget "meeting" */;
			buildPhases = (
				087E8B332A0177E400229A5D /* Sources */,
				087E8B342A0177E400229A5D /* Frameworks */,
				087E8B352A0177E400229A5D /* CopyFiles */,
			);
			buildRules = (
			);
			dependencies = (
			);
			name = meeting;
			productName = meeting;
			productReference = 087E8B372A0177E400229A5D /* meeting */;
			productType = "com.apple.product-type.tool";
		};
		08AB6BAF2A0786A9003700B0 /* Q1 */ = {
			isa = PBXNativeTarget;
			buildConfigurationList = 08AB6BB42A0786A9003700B0 /* Build configuration list for PBXNativeTarget "Q1" */;
			buildPhases = (
				08AB6BAC2A0786A9003700B0 /* Sources */,
				08AB6BAD2A0786A9003700B0 /* Frameworks */,
				08AB6BAE2A0786A9003700B0 /* CopyFiles */,
			);
			buildRules = (
			);
			dependencies = (
			);
			name = Q1;
			productName = Q1;
			productReference = 08AB6BB02A0786A9003700B0 /* Q1 */;
			productType = "com.apple.product-type.tool";
		};
		08AB6BBA2A0786DA003700B0 /* Question */ = {
			isa = PBXNativeTarget;
			buildConfigurationList = 08AB6BBF2A0786DA003700B0 /* Build configuration list for PBXNativeTarget "Question" */;
			buildPhases = (
				08AB6BB72A0786DA003700B0 /* Sources */,
				08AB6BB82A0786DA003700B0 /* Frameworks */,
				08AB6BB92A0786DA003700B0 /* CopyFiles */,
			);
			buildRules = (
			);
			dependencies = (
			);
			name = Question;
			productName = Question;
			productReference = 08AB6BBB2A0786DA003700B0 /* Question */;
			productType = "com.apple.product-type.tool";
		};
/* End PBXNativeTarget section */

/* Begin PBXProject section */
		087E8B2F2A0177E400229A5D /* Project object */ = {
			isa = PBXProject;
			attributes = {
				BuildIndependentTargetsInParallel = 1;
				LastUpgradeCheck = 1430;
				TargetAttributes = {
					087E8B362A0177E400229A5D = {
						CreatedOnToolsVersion = 14.3;
					};
					08AB6BAF2A0786A9003700B0 = {
						CreatedOnToolsVersion = 14.3;
					};
					08AB6BBA2A0786DA003700B0 = {
						CreatedOnToolsVersion = 14.3;
					};
				};
			};
			buildConfigurationList = 087E8B322A0177E400229A5D /* Build configuration list for PBXProject "meeting" */;
			compatibilityVersion = "Xcode 14.0";
			developmentRegion = en;
			hasScannedForEncodings = 0;
			knownRegions = (
				en,
				Base,
			);
			mainGroup = 087E8B2E2A0177E400229A5D;
			productRefGroup = 087E8B382A0177E400229A5D /* Products */;
			projectDirPath = "";
			projectRoot = "";
			targets = (
				087E8B362A0177E400229A5D /* meeting */,
				08AB6BAF2A0786A9003700B0 /* Q1 */,
				08AB6BBA2A0786DA003700B0 /* Question */,
			);
		};
/* End PBXProject section */

/* Begin PBXSourcesBuildPhase section */
		087E8B332A0177E400229A5D /* Sources */ = {
			isa = PBXSourcesBuildPhase;
			buildActionMask = 2147483647;
			files = (
				087E8B3B2A0177E400229A5D /* 1st.c in Sources */,
			);
			runOnlyForDeploymentPostprocessing = 0;
		};
		08AB6BAC2A0786A9003700B0 /* Sources */ = {
			isa = PBXSourcesBuildPhase;
			buildActionMask = 2147483647;
			files = (
			);
			runOnlyForDeploymentPostprocessing = 0;
		};
		08AB6BB72A0786DA003700B0 /* Sources */ = {
			isa = PBXSourcesBuildPhase;
			buildActionMask = 2147483647;
			files = (
			);
			runOnlyForDeploymentPostprocessing = 0;
		};
/* End PBXSourcesBuildPhase section */

/* Begin XCBuildConfiguration section */
		087E8B3C2A0177E400229A5D /* Debug */ = {
			isa = XCBuildConfiguration;
			buildSettings = {
				ALWAYS_SEARCH_USER_PATHS = NO;
				CLANG_ANALYZER_NONNULL = YES;
				CLANG_ANALYZER_NUMBER_OBJECT_CONVERSION = YES_AGGRESSIVE;
				CLANG_CXX_LANGUAGE_STANDARD = "gnu++20";
				CLANG_ENABLE_MODULES = YES;
				CLANG_ENABLE_OBJC_ARC = YES;
				CLANG_ENABLE_OBJC_WEAK = YES;
				CLANG_WARN_BLOCK_CAPTURE_AUTORELEASING = YES;
				CLANG_WARN_BOOL_CONVERSION = YES;
				CLANG_WARN_COMMA = YES;
				CLANG_WARN_CONSTANT_CONVERSION = YES;
				CLANG_WARN_DEPRECATED_OBJC_IMPLEMENTATIONS = YES;
				CLANG_WARN_DIRECT_OBJC_ISA_USAGE = YES_ERROR;
				CLANG_WARN_DOCUMENTATION_COMMENTS = YES;
				CLANG_WARN_EMPTY_BODY = YES;
				CLANG_WARN_ENUM_CONVERSION = YES;
				CLANG_WARN_INFINITE_RECURSION = YES;
				CLANG_WARN_INT_CONVERSION = YES;
				CLANG_WARN_NON_LITERAL_NULL_CONVERSION = YES;
				CLANG_WARN_OBJC_IMPLICIT_RETAIN_SELF = YES;
				CLANG_WARN_OBJC_LITERAL_CONVERSION = YES;
				CLANG_WARN_OBJC_ROOT_CLASS = YES_ERROR;
				CLANG_WARN_QUOTED_INCLUDE_IN_FRAMEWORK_HEADER = YES;
				CLANG_WARN_RANGE_LOOP_ANALYSIS = YES;
				CLANG_WARN_STRICT_PROTOTYPES = YES;
				CLANG_WARN_SUSPICIOUS_MOVE = YES;
				CLANG_WARN_UNGUARDED_AVAILABILITY = YES_AGGRESSIVE;
				CLANG_WARN_UNREACHABLE_CODE = YES;
				CLANG_WARN__DUPLICATE_METHOD_MATCH = YES;
				COPY_PHASE_STRIP = NO;
				DEBUG_INFORMATION_FORMAT = dwarf;
				ENABLE_STRICT_OBJC_MSGSEND = YES;
				ENABLE_TESTABILITY = YES;
				GCC_C_LANGUAGE_STANDARD = gnu11;
				GCC_DYNAMIC_NO_PIC = NO;
				GCC_NO_COMMON_BLOCKS = YES;
				GCC_OPTIMIZATION_LEVEL = 0;
				GCC_PREPROCESSOR_DEFINITIONS = (
					"DEBUG=1",
					"$(inherited)",
				);
				GCC_WARN_64_TO_32_BIT_CONVERSION = YES;
				GCC_WARN_ABOUT_RETURN_TYPE = YES_ERROR;
				GCC_WARN_UNDECLARED_SELECTOR = YES;
				GCC_WARN_UNINITIALIZED_AUTOS = YES_AGGRESSIVE;
				GCC_WARN_UNUSED_FUNCTION = YES;
				GCC_WARN_UNUSED_VARIABLE = YES;
				MACOSX_DEPLOYMENT_TARGET = 13.3;
				MTL_ENABLE_DEBUG_INFO = INCLUDE_SOURCE;
				MTL_FAST_MATH = YES;
				ONLY_ACTIVE_ARCH = YES;
				SDKROOT = macosx;
			};
			name = Debug;
		};
		087E8B3D2A0177E400229A5D /* Release */ = {
			isa = XCBuildConfiguration;
			buildSettings = {
				ALWAYS_SEARCH_USER_PATHS = NO;
				CLANG_ANALYZER_NONNULL = YES;
				CLANG_ANALYZER_NUMBER_OBJECT_CONVERSION = YES_AGGRESSIVE;
				CLANG_CXX_LANGUAGE_STANDARD = "gnu++20";
				CLANG_ENABLE_MODULES = YES;
				CLANG_ENABLE_OBJC_ARC = YES;
				CLANG_ENABLE_OBJC_WEAK = YES;
				CLANG_WARN_BLOCK_CAPTURE_AUTORELEASING = YES;
				CLANG_WARN_BOOL_CONVERSION = YES;
				CLANG_WARN_COMMA = YES;
				CLANG_WARN_CONSTANT_CONVERSION = YES;
				CLANG_WARN_DEPRECATED_OBJC_IMPLEMENTATIONS = YES;
				CLANG_WARN_DIRECT_OBJC_ISA_USAGE = YES_ERROR;
				CLANG_WARN_DOCUMENTATION_COMMENTS = YES;
				CLANG_WARN_EMPTY_BODY = YES;
				CLANG_WARN_ENUM_CONVERSION = YES;
				CLANG_WARN_INFINITE_RECURSION = YES;
				CLANG_WARN_INT_CONVERSION = YES;
				CLANG_WARN_NON_LITERAL_NULL_CONVERSION = YES;
				CLANG_WARN_OBJC_IMPLICIT_RETAIN_SELF = YES;
				CLANG_WARN_OBJC_LITERAL_CONVERSION = YES;
				CLANG_WARN_OBJC_ROOT_CLASS = YES_ERROR;
				CLANG_WARN_QUOTED_INCLUDE_IN_FRAMEWORK_HEADER = YES;
				CLANG_WARN_RANGE_LOOP_ANALYSIS = YES;
				CLANG_WARN_STRICT_PROTOTYPES = YES;
				CLANG_WARN_SUSPICIOUS_MOVE = YES;
				CLANG_WARN_UNGUARDED_AVAILABILITY = YES_AGGRESSIVE;
				CLANG_WARN_UNREACHABLE_CODE = YES;
				CLANG_WARN__DUPLICATE_METHOD_MATCH = YES;
				COPY_PHASE_STRIP = NO;
				DEBUG_INFORMATION_FORMAT = "dwarf-with-dsym";
				ENABLE_NS_ASSERTIONS = NO;
				ENABLE_STRICT_OBJC_MSGSEND = YES;
				GCC_C_LANGUAGE_STANDARD = gnu11;
				GCC_NO_COMMON_BLOCKS = YES;
				GCC_WARN_64_TO_32_BIT_CONVERSION = YES;
				GCC_WARN_ABOUT_RETURN_TYPE = YES_ERROR;
				GCC_WARN_UNDECLARED_SELECTOR = YES;
				GCC_WARN_UNINITIALIZED_AUTOS = YES_AGGRESSIVE;
				GCC_WARN_UNUSED_FUNCTION = YES;
				GCC_WARN_UNUSED_VARIABLE = YES;
				MACOSX_DEPLOYMENT_TARGET = 13.3;
				MTL_ENABLE_DEBUG_INFO = NO;
				MTL_FAST_MATH = YES;
				SDKROOT = macosx;
			};
			name = Release;
		};
		087E8B3F2A0177E400229A5D /* Debug */ = {
			isa = XCBuildConfiguration;
			buildSettings = {
				CODE_SIGN_STYLE = Automatic;
				PRODUCT_NAME = "$(TARGET_NAME)";
			};
			name = Debug;
		};
		087E8B402A0177E400229A5D /* Release */ = {
			isa = XCBuildConfiguration;
			buildSettings = {
				CODE_SIGN_STYLE = Automatic;
				PRODUCT_NAME = "$(TARGET_NAME)";
			};
			name = Release;
		};
		08AB6BB52A0786A9003700B0 /* Debug */ = {
			isa = XCBuildConfiguration;
			buildSettings = {
				CODE_SIGN_STYLE = Automatic;
				PRODUCT_NAME = "$(TARGET_NAME)";
			};
			name = Debug;
		};
		08AB6BB62A0786A9003700B0 /* Release */ = {
			isa = XCBuildConfiguration;
			buildSettings = {
				CODE_SIGN_STYLE = Automatic;
				PRODUCT_NAME = "$(TARGET_NAME)";
			};
			name = Release;
		};
		08AB6BC02A0786DA003700B0 /* Debug */ = {
			isa = XCBuildConfiguration;
			buildSettings = {
				CODE_SIGN_STYLE = Automatic;
				PRODUCT_NAME = "$(TARGET_NAME)";
			};
			name = Debug;
		};
		08AB6BC12A0786DA003700B0 /* Release */ = {
			isa = XCBuildConfiguration;
			buildSettings = {
				CODE_SIGN_STYLE = Automatic;
				PRODUCT_NAME = "$(TARGET_NAME)";
			};
			name = Release;
		};
/* End XCBuildConfiguration section */

/* Begin XCConfigurationList section */
		087E8B322A0177E400229A5D /* Build configuration list for PBXProject "meeting" */ = {
			isa = XCConfigurationList;
			buildConfigurations = (
				087E8B3C2A0177E400229A5D /* Debug */,
				087E8B3D2A0177E400229A5D /* Release */,
			);
			defaultConfigurationIsVisible = 0;
			defaultConfigurationName = Release;
		};
		087E8B3E2A0177E400229A5D /* Build configuration list for PBXNativeTarget "meeting" */ = {
			isa = XCConfigurationList;
			buildConfigurations = (
				087E8B3F2A0177E400229A5D /* Debug */,
				087E8B402A0177E400229A5D /* Release */,
			);
			defaultConfigurationIsVisible = 0;
			defaultConfigurationName = Release;
		};
		08AB6BB42A0786A9003700B0 /* Build configuration list for PBXNativeTarget "Q1" */ = {
			isa = XCConfigurationList;
			buildConfigurations = (
				08AB6BB52A0786A9003700B0 /* Debug */,
				08AB6BB62A0786A9003700B0 /* Release */,
			);
			defaultConfigurationIsVisible = 0;
			defaultConfigurationName = Release;
		};
		08AB6BBF2A0786DA003700B0 /* Build configuration list for PBXNativeTarget "Question" */ = {
			isa = XCConfigurationList;
			buildConfigurations = (
				08AB6BC02A0786DA003700B0 /* Debug */,
				08AB6BC12A0786DA003700B0 /* Release */,
			);
			defaultConfigurationIsVisible = 0;
			defaultConfigurationName = Release;
		};
/* End XCConfigurationList section */
	};
	rootObject = 087E8B2F2A0177E400229A5D /* Project object */;
}
